
Microsoft Visual Studio Solution File, Format Version 12.00
# Visual Studio Version 16
VisualStudioVersion = 16.0.32228.343
MinimumVisualStudioVersion = 10.0.40219.1
Project("{FAE04EC0-301F-11D3-BF4B-00C04F79EFBC}") = "pipeline", "pipeline\pipeline.csproj", "{83E1AC42-990F-4F62-A8EB-33E6EA32F422}"
EndProject
Global
	GlobalSection(SolutionConfigurationPlatforms) = preSolution
		Debug|Any CPU = Debug|Any CPU
		Release|Any CPU = Release|Any CPU
	EndGlobalSection
	GlobalSection(ProjectConfigurationPlatforms) = postSolution
		{83E1AC42-990F-4F62-A8EB-33E6EA32F422}.Debug|Any CPU.ActiveCfg = Debug|Any CPU
		{83E1AC42-990F-4F62-A8EB-33E6EA32F422}.Debug|Any CPU.Build.0 = Debug|Any CPU
		{83E1AC42-990F-4F62-A8EB-33E6EA32F422}.Release|Any CPU.ActiveCfg = Release|Any CPU
		{83E1AC42-990F-4F62-A8EB-33E6EA32F422}.Release|Any CPU.Build.0 = Release|Any CPU
	EndGlobalSection
	GlobalSection(SolutionProperties) = preSolution
		HideSolutionNode = FALSE
	EndGlobalSection
	GlobalSection(ExtensibilityGlobals) = postSolution
		SolutionGuid = {FD49917A-FFF1-483F-B1DE-361617FA46E2}
	EndGlobalSection
EndGlobal
